# THIS IS AN AUTOGENERATED FILE. DO NOT EDIT THIS FILE DIRECTLY.
# yarn lockfile v1


uikit@^3.2.6:
  version "3.2.6"
  resolved "https://registry.yarnpkg.com/uikit/-/uikit-3.2.6.tgz#f6133b588b6db82e5d74fb7c24d32e235caea62d"
  integrity sha512-Z44YOo9/MjwZRDxR+3M4Z9cGXbqtpxyuyXregxtvVADZatcCKI1a76qTI6VFIIsxARvREMPpYBDGQPFd5ymWsw==
